
Microsoft Visual Studio Solution File, Format Version 12.00
# Visual Studio 15
VisualStudioVersion = 15.0.26430.15
MinimumVisualStudioVersion = 10.0.40219.1
Project("{FAE04EC0-301F-11D3-BF4B-00C04F79EFBC}") = "PrismTodo.Android", "PrismTodo\PrismTodo.Android\PrismTodo.Android.csproj", "{4FB5C3FE-8BBD-49E6-9002-BCBC0330E130}"
EndProject
Project("{FAE04EC0-301F-11D3-BF4B-00C04F79EFBC}") = "PrismTodo.UWP", "PrismTodo\PrismTodo.UWP\PrismTodo.UWP.csproj", "{7DC47DD9-877C-4651-89BB-01FA7771EFDA}"
EndProject
Project("{FAE04EC0-301F-11D3-BF4B-00C04F79EFBC}") = "PrismTodo.iOS", "PrismTodo\PrismTodo.iOS\PrismTodo.iOS.csproj", "{6A130519-0769-4F71-B77E-501C2C80980D}"
EndProject
Project("{9A19103F-16F7-4668-BE54-9A1E7A4F7556}") = "PrismTodo", "PrismTodo\PrismTodo\PrismTodo.csproj", "{8355377C-9477-4E74-B2DA-DC495529DF9C}"
EndProject
Project("{9A19103F-16F7-4668-BE54-9A1E7A4F7556}") = "PrismTodo.Server", "PrismTodo\PrismTodo.Server\PrismTodo.Server.csproj", "{D6A8BDF0-4BE0-4C71-80DC-422DCADCBF41}"
EndProject
Project("{9A19103F-16F7-4668-BE54-9A1E7A4F7556}") = "PrismTodo.Service", "PrismTodo\PrismTodo.Service\PrismTodo.Service.csproj", "{023A5DA3-3AE2-4B21-A5E1-5DA9352D7ACA}"
EndProject
Project("{2150E333-8FDC-42A3-9474-1A3956D46DE8}") = "01.Common", "01.Common", "{59BF7CD0-07CD-4D6D-BC13-71F1172FF431}"
EndProject
Project("{2150E333-8FDC-42A3-9474-1A3956D46DE8}") = "02.Client", "02.Client", "{453ACF3F-B870-432A-A75B-7E245F384593}"
EndProject
Project("{2150E333-8FDC-42A3-9474-1A3956D46DE8}") = "03.Server", "03.Server", "{56A205DA-59D2-4873-BABD-15C0B1F80ED1}"
EndProject
Global
	GlobalSection(SolutionConfigurationPlatforms) = preSolution
		Ad-Hoc|Any CPU = Ad-Hoc|Any CPU
		Ad-Hoc|ARM = Ad-Hoc|ARM
		Ad-Hoc|iPhone = Ad-Hoc|iPhone
		Ad-Hoc|iPhoneSimulator = Ad-Hoc|iPhoneSimulator
		Ad-Hoc|x64 = Ad-Hoc|x64
		Ad-Hoc|x86 = Ad-Hoc|x86
		AppStore|Any CPU = AppStore|Any CPU
		AppStore|ARM = AppStore|ARM
		AppStore|iPhone = AppStore|iPhone
		AppStore|iPhoneSimulator = AppStore|iPhoneSimulator
		AppStore|x64 = AppStore|x64
		AppStore|x86 = AppStore|x86
		Debug|Any CPU = Debug|Any CPU
		Debug|ARM = Debug|ARM
		Debug|iPhone = Debug|iPhone
		Debug|iPhoneSimulator = Debug|iPhoneSimulator
		Debug|x64 = Debug|x64
		Debug|x86 = Debug|x86
		Release|Any CPU = Release|Any CPU
		Release|ARM = Release|ARM
		Release|iPhone = Release|iPhone
		Release|iPhoneSimulator = Release|iPhoneSimulator
		Release|x64 = Release|x64
		Release|x86 = Release|x86
	EndGlobalSection
	GlobalSection(ProjectConfigurationPlatforms) = postSolution
		{4FB5C3FE-8BBD-49E6-9002-BCBC0330E130}.Ad-Hoc|Any CPU.ActiveCfg = Release|Any CPU
		{4FB5C3FE-8BBD-49E6-9002-BCBC0330E130}.Ad-Hoc|Any CPU.Build.0 = Release|Any CPU
		{4FB5C3FE-8BBD-49E6-9002-BCBC0330E130}.Ad-Hoc|Any CPU.Deploy.0 = Release|Any CPU
		{4FB5C3FE-8BBD-49E6-9002-BCBC0330E130}.Ad-Hoc|ARM.ActiveCfg = Release|Any CPU
		{4FB5C3FE-8BBD-49E6-9002-BCBC0330E130}.Ad-Hoc|ARM.Build.0 = Release|Any CPU
		{4FB5C3FE-8BBD-49E6-9002-BCBC0330E130}.Ad-Hoc|ARM.Deploy.0 = Release|Any CPU
		{4FB5C3FE-8BBD-49E6-9002-BCBC0330E130}.Ad-Hoc|iPhone.ActiveCfg = Release|Any CPU
		{4FB5C3FE-8BBD-49E6-9002-BCBC0330E130}.Ad-Hoc|iPhone.Build.0 = Release|Any CPU
		{4FB5C3FE-8BBD-49E6-9002-BCBC0330E130}.Ad-Hoc|iPhone.Deploy.0 = Release|Any CPU
		{4FB5C3FE-8BBD-49E6-9002-BCBC0330E130}.Ad-Hoc|iPhoneSimulator.ActiveCfg = Release|Any CPU
		{4FB5C3FE-8BBD-49E6-9002-BCBC0330E130}.Ad-Hoc|iPhoneSimulator.Build.0 = Release|Any CPU
		{4FB5C3FE-8BBD-49E6-9002-BCBC0330E130}.Ad-Hoc|iPhoneSimulator.Deploy.0 = Release|Any CPU
		{4FB5C3FE-8BBD-49E6-9002-BCBC0330E130}.Ad-Hoc|x64.ActiveCfg = Release|Any CPU
		{4FB5C3FE-8BBD-49E6-9002-BCBC0330E130}.Ad-Hoc|x64.Build.0 = Release|Any CPU
		{4FB5C3FE-8BBD-49E6-9002-BCBC0330E130}.Ad-Hoc|x64.Deploy.0 = Release|Any CPU
		{4FB5C3FE-8BBD-49E6-9002-BCBC0330E130}.Ad-Hoc|x86.ActiveCfg = Release|Any CPU
		{4FB5C3FE-8BBD-49E6-9002-BCBC0330E130}.Ad-Hoc|x86.Build.0 = Release|Any CPU
		{4FB5C3FE-8BBD-49E6-9002-BCBC0330E130}.Ad-Hoc|x86.Deploy.0 = Release|Any CPU
		{4FB5C3FE-8BBD-49E6-9002-BCBC0330E130}.AppStore|Any CPU.ActiveCfg = Release|Any CPU
		{4FB5C3FE-8BBD-49E6-9002-BCBC0330E130}.AppStore|Any CPU.Build.0 = Release|Any CPU
		{4FB5C3FE-8BBD-49E6-9002-BCBC0330E130}.AppStore|Any CPU.Deploy.0 = Release|Any CPU
		{4FB5C3FE-8BBD-49E6-9002-BCBC0330E130}.AppStore|ARM.ActiveCfg = Release|Any CPU
		{4FB5C3FE-8BBD-49E6-9002-BCBC0330E130}.AppStore|ARM.Build.0 = Release|Any CPU
		{4FB5C3FE-8BBD-49E6-9002-BCBC0330E130}.AppStore|ARM.Deploy.0 = Release|Any CPU
		{4FB5C3FE-8BBD-49E6-9002-BCBC0330E130}.AppStore|iPhone.ActiveCfg = Release|Any CPU
		{4FB5C3FE-8BBD-49E6-9002-BCBC0330E130}.AppStore|iPhone.Build.0 = Release|Any CPU
		{4FB5C3FE-8BBD-49E6-9002-BCBC0330E130}.AppStore|iPhone.Deploy.0 = Release|Any CPU
		{4FB5C3FE-8BBD-49E6-9002-BCBC0330E130}.AppStore|iPhoneSimulator.ActiveCfg = Release|Any CPU
		{4FB5C3FE-8BBD-49E6-9002-BCBC0330E130}.AppStore|iPhoneSimulator.Build.0 = Release|Any CPU
		{4FB5C3FE-8BBD-49E6-9002-BCBC0330E130}.AppStore|iPhoneSimulator.Deploy.0 = Release|Any CPU
		{4FB5C3FE-8BBD-49E6-9002-BCBC0330E130}.AppStore|x64.ActiveCfg = Release|Any CPU
		{4FB5C3FE-8BBD-49E6-9002-BCBC0330E130}.AppStore|x64.Build.0 = Release|Any CPU
		{4FB5C3FE-8BBD-49E6-9002-BCBC0330E130}.AppStore|x64.Deploy.0 = Release|Any CPU
		{4FB5C3FE-8BBD-49E6-9002-BCBC0330E130}.AppStore|x86.ActiveCfg = Release|Any CPU
		{4FB5C3FE-8BBD-49E6-9002-BCBC0330E130}.AppStore|x86.Build.0 = Release|Any CPU
		{4FB5C3FE-8BBD-49E6-9002-BCBC0330E130}.AppStore|x86.Deploy.0 = Release|Any CPU
		{4FB5C3FE-8BBD-49E6-9002-BCBC0330E130}.Debug|Any CPU.ActiveCfg = Debug|Any CPU
		{4FB5C3FE-8BBD-49E6-9002-BCBC0330E130}.Debug|Any CPU.Build.0 = Debug|Any CPU
		{4FB5C3FE-8BBD-49E6-9002-BCBC0330E130}.Debug|Any CPU.Deploy.0 = Debug|Any CPU
		{4FB5C3FE-8BBD-49E6-9002-BCBC0330E130}.Debug|ARM.ActiveCfg = Debug|Any CPU
		{4FB5C3FE-8BBD-49E6-9002-BCBC0330E130}.Debug|ARM.Build.0 = Debug|Any CPU
		{4FB5C3FE-8BBD-49E6-9002-BCBC0330E130}.Debug|ARM.Deploy.0 = Debug|Any CPU
		{4FB5C3FE-8BBD-49E6-9002-BCBC0330E130}.Debug|iPhone.ActiveCfg = Debug|Any CPU
		{4FB5C3FE-8BBD-49E6-9002-BCBC0330E130}.Debug|iPhone.Build.0 = Debug|Any CPU
		{4FB5C3FE-8BBD-49E6-9002-BCBC0330E130}.Debug|iPhone.Deploy.0 = Debug|Any CPU
		{4FB5C3FE-8BBD-49E6-9002-BCBC0330E130}.Debug|iPhoneSimulator.ActiveCfg = Debug|Any CPU
		{4FB5C3FE-8BBD-49E6-9002-BCBC0330E130}.Debug|iPhoneSimulator.Build.0 = Debug|Any CPU
		{4FB5C3FE-8BBD-49E6-9002-BCBC0330E130}.Debug|iPhoneSimulator.Deploy.0 = Debug|Any CPU
		{4FB5C3FE-8BBD-49E6-9002-BCBC0330E130}.Debug|x64.ActiveCfg = Debug|Any CPU
		{4FB5C3FE-8BBD-49E6-9002-BCBC0330E130}.Debug|x64.Build.0 = Debug|Any CPU
		{4FB5C3FE-8BBD-49E6-9002-BCBC0330E130}.Debug|x64.Deploy.0 = Debug|Any CPU
		{4FB5C3FE-8BBD-49E6-9002-BCBC0330E130}.Debug|x86.ActiveCfg = Debug|Any CPU
		{4FB5C3FE-8BBD-49E6-9002-BCBC0330E130}.Debug|x86.Build.0 = Debug|Any CPU
		{4FB5C3FE-8BBD-49E6-9002-BCBC0330E130}.Debug|x86.Deploy.0 = Debug|Any CPU
		{4FB5C3FE-8BBD-49E6-9002-BCBC0330E130}.Release|Any CPU.ActiveCfg = Release|Any CPU
		{4FB5C3FE-8BBD-49E6-9002-BCBC0330E130}.Release|Any CPU.Build.0 = Release|Any CPU
		{4FB5C3FE-8BBD-49E6-9002-BCBC0330E130}.Release|Any CPU.Deploy.0 = Release|Any CPU
		{4FB5C3FE-8BBD-49E6-9002-BCBC0330E130}.Release|ARM.ActiveCfg = Release|Any CPU
		{4FB5C3FE-8BBD-49E6-9002-BCBC0330E130}.Release|ARM.Build.0 = Release|Any CPU
		{4FB5C3FE-8BBD-49E6-9002-BCBC0330E130}.Release|ARM.Deploy.0 = Release|Any CPU
		{4FB5C3FE-8BBD-49E6-9002-BCBC0330E130}.Release|iPhone.ActiveCfg = Release|Any CPU
		{4FB5C3FE-8BBD-49E6-9002-BCBC0330E130}.Release|iPhone.Build.0 = Release|Any CPU
		{4FB5C3FE-8BBD-49E6-9002-BCBC0330E130}.Release|iPhone.Deploy.0 = Release|Any CPU
		{4FB5C3FE-8BBD-49E6-9002-BCBC0330E130}.Release|iPhoneSimulator.ActiveCfg = Release|Any CPU
		{4FB5C3FE-8BBD-49E6-9002-BCBC0330E130}.Release|iPhoneSimulator.Build.0 = Release|Any CPU
		{4FB5C3FE-8BBD-49E6-9002-BCBC0330E130}.Release|iPhoneSimulator.Deploy.0 = Release|Any CPU
		{4FB5C3FE-8BBD-49E6-9002-BCBC0330E130}.Release|x64.ActiveCfg = Release|Any CPU
		{4FB5C3FE-8BBD-49E6-9002-BCBC0330E130}.Release|x64.Build.0 = Release|Any CPU
		{4FB5C3FE-8BBD-49E6-9002-BCBC0330E130}.Release|x64.Deploy.0 = Release|Any CPU
		{4FB5C3FE-8BBD-49E6-9002-BCBC0330E130}.Release|x86.ActiveCfg = Release|Any CPU
		{4FB5C3FE-8BBD-49E6-9002-BCBC0330E130}.Release|x86.Build.0 = Release|Any CPU
		{4FB5C3FE-8BBD-49E6-9002-BCBC0330E130}.Release|x86.Deploy.0 = Release|Any CPU
		{7DC47DD9-877C-4651-89BB-01FA7771EFDA}.Ad-Hoc|Any CPU.ActiveCfg = Release|x86
		{7DC47DD9-877C-4651-89BB-01FA7771EFDA}.Ad-Hoc|Any CPU.Build.0 = Release|x86
		{7DC47DD9-877C-4651-89BB-01FA7771EFDA}.Ad-Hoc|Any CPU.Deploy.0 = Release|x86
		{7DC47DD9-877C-4651-89BB-01FA7771EFDA}.Ad-Hoc|ARM.ActiveCfg = Release|ARM
		{7DC47DD9-877C-4651-89BB-01FA7771EFDA}.Ad-Hoc|ARM.Build.0 = Release|ARM
		{7DC47DD9-877C-4651-89BB-01FA7771EFDA}.Ad-Hoc|ARM.Deploy.0 = Release|ARM
		{7DC47DD9-877C-4651-89BB-01FA7771EFDA}.Ad-Hoc|iPhone.ActiveCfg = Release|x86
		{7DC47DD9-877C-4651-89BB-01FA7771EFDA}.Ad-Hoc|iPhone.Build.0 = Release|x86
		{7DC47DD9-877C-4651-89BB-01FA7771EFDA}.Ad-Hoc|iPhone.Deploy.0 = Release|x86
		{7DC47DD9-877C-4651-89BB-01FA7771EFDA}.Ad-Hoc|iPhoneSimulator.ActiveCfg = Release|x86
		{7DC47DD9-877C-4651-89BB-01FA7771EFDA}.Ad-Hoc|iPhoneSimulator.Build.0 = Release|x86
		{7DC47DD9-877C-4651-89BB-01FA7771EFDA}.Ad-Hoc|iPhoneSimulator.Deploy.0 = Release|x86
		{7DC47DD9-877C-4651-89BB-01FA7771EFDA}.Ad-Hoc|x64.ActiveCfg = Release|x64
		{7DC47DD9-877C-4651-89BB-01FA7771EFDA}.Ad-Hoc|x64.Build.0 = Release|x64
		{7DC47DD9-877C-4651-89BB-01FA7771EFDA}.Ad-Hoc|x64.Deploy.0 = Release|x64
		{7DC47DD9-877C-4651-89BB-01FA7771EFDA}.Ad-Hoc|x86.ActiveCfg = Release|x86
		{7DC47DD9-877C-4651-89BB-01FA7771EFDA}.Ad-Hoc|x86.Build.0 = Release|x86
		{7DC47DD9-877C-4651-89BB-01FA7771EFDA}.Ad-Hoc|x86.Deploy.0 = Release|x86
		{7DC47DD9-877C-4651-89BB-01FA7771EFDA}.AppStore|Any CPU.ActiveCfg = Release|x86
		{7DC47DD9-877C-4651-89BB-01FA7771EFDA}.AppStore|Any CPU.Build.0 = Release|x86
		{7DC47DD9-877C-4651-89BB-01FA7771EFDA}.AppStore|Any CPU.Deploy.0 = Release|x86
		{7DC47DD9-877C-4651-89BB-01FA7771EFDA}.AppStore|ARM.ActiveCfg = Release|ARM
		{7DC47DD9-877C-4651-89BB-01FA7771EFDA}.AppStore|ARM.Build.0 = Release|ARM
		{7DC47DD9-877C-4651-89BB-01FA7771EFDA}.AppStore|ARM.Deploy.0 = Release|ARM
		{7DC47DD9-877C-4651-89BB-01FA7771EFDA}.AppStore|iPhone.ActiveCfg = Release|x86
		{7DC47DD9-877C-4651-89BB-01FA7771EFDA}.AppStore|iPhone.Build.0 = Release|x86
		{7DC47DD9-877C-4651-89BB-01FA7771EFDA}.AppStore|iPhone.Deploy.0 = Release|x86
		{7DC47DD9-877C-4651-89BB-01FA7771EFDA}.AppStore|iPhoneSimulator.ActiveCfg = Release|x86
		{7DC47DD9-877C-4651-89BB-01FA7771EFDA}.AppStore|iPhoneSimulator.Build.0 = Release|x86
		{7DC47DD9-877C-4651-89BB-01FA7771EFDA}.AppStore|iPhoneSimulator.Deploy.0 = Release|x86
		{7DC47DD9-877C-4651-89BB-01FA7771EFDA}.AppStore|x64.ActiveCfg = Release|x64
		{7DC47DD9-877C-4651-89BB-01FA7771EFDA}.AppStore|x64.Build.0 = Release|x64
		{7DC47DD9-877C-4651-89BB-01FA7771EFDA}.AppStore|x64.Deploy.0 = Release|x64
		{7DC47DD9-877C-4651-89BB-01FA7771EFDA}.AppStore|x86.ActiveCfg = Release|x86
		{7DC47DD9-877C-4651-89BB-01FA7771EFDA}.AppStore|x86.Build.0 = Release|x86
		{7DC47DD9-877C-4651-89BB-01FA7771EFDA}.AppStore|x86.Deploy.0 = Release|x86
		{7DC47DD9-877C-4651-89BB-01FA7771EFDA}.Debug|Any CPU.ActiveCfg = Debug|x86
		{7DC47DD9-877C-4651-89BB-01FA7771EFDA}.Debug|Any CPU.Build.0 = Debug|x86
		{7DC47DD9-877C-4651-89BB-01FA7771EFDA}.Debug|Any CPU.Deploy.0 = Debug|x86
		{7DC47DD9-877C-4651-89BB-01FA7771EFDA}.Debug|ARM.ActiveCfg = Debug|ARM
		{7DC47DD9-877C-4651-89BB-01FA7771EFDA}.Debug|ARM.Build.0 = Debug|ARM
		{7DC47DD9-877C-4651-89BB-01FA7771EFDA}.Debug|ARM.Deploy.0 = Debug|ARM
		{7DC47DD9-877C-4651-89BB-01FA7771EFDA}.Debug|iPhone.ActiveCfg = Debug|x86
		{7DC47DD9-877C-4651-89BB-01FA7771EFDA}.Debug|iPhoneSimulator.ActiveCfg = Debug|x86
		{7DC47DD9-877C-4651-89BB-01FA7771EFDA}.Debug|x64.ActiveCfg = Debug|x64
		{7DC47DD9-877C-4651-89BB-01FA7771EFDA}.Debug|x64.Build.0 = Debug|x64
		{7DC47DD9-877C-4651-89BB-01FA7771EFDA}.Debug|x64.Deploy.0 = Debug|x64
		{7DC47DD9-877C-4651-89BB-01FA7771EFDA}.Debug|x86.ActiveCfg = Debug|x86
		{7DC47DD9-877C-4651-89BB-01FA7771EFDA}.Debug|x86.Build.0 = Debug|x86
		{7DC47DD9-877C-4651-89BB-01FA7771EFDA}.Debug|x86.Deploy.0 = Debug|x86
		{7DC47DD9-877C-4651-89BB-01FA7771EFDA}.Release|Any CPU.ActiveCfg = Release|x86
		{7DC47DD9-877C-4651-89BB-01FA7771EFDA}.Release|ARM.ActiveCfg = Release|ARM
		{7DC47DD9-877C-4651-89BB-01FA7771EFDA}.Release|ARM.Build.0 = Release|ARM
		{7DC47DD9-877C-4651-89BB-01FA7771EFDA}.Release|ARM.Deploy.0 = Release|ARM
		{7DC47DD9-877C-4651-89BB-01FA7771EFDA}.Release|iPhone.ActiveCfg = Release|x86
		{7DC47DD9-877C-4651-89BB-01FA7771EFDA}.Release|iPhoneSimulator.ActiveCfg = Release|x86
		{7DC47DD9-877C-4651-89BB-01FA7771EFDA}.Release|x64.ActiveCfg = Release|x64
		{7DC47DD9-877C-4651-89BB-01FA7771EFDA}.Release|x64.Build.0 = Release|x64
		{7DC47DD9-877C-4651-89BB-01FA7771EFDA}.Release|x64.Deploy.0 = Release|x64
		{7DC47DD9-877C-4651-89BB-01FA7771EFDA}.Release|x86.ActiveCfg = Release|x86
		{7DC47DD9-877C-4651-89BB-01FA7771EFDA}.Release|x86.Build.0 = Release|x86
		{7DC47DD9-877C-4651-89BB-01FA7771EFDA}.Release|x86.Deploy.0 = Release|x86
		{6A130519-0769-4F71-B77E-501C2C80980D}.Ad-Hoc|Any CPU.ActiveCfg = Ad-Hoc|iPhone
		{6A130519-0769-4F71-B77E-501C2C80980D}.Ad-Hoc|ARM.ActiveCfg = Ad-Hoc|iPhone
		{6A130519-0769-4F71-B77E-501C2C80980D}.Ad-Hoc|iPhone.ActiveCfg = Ad-Hoc|iPhone
		{6A130519-0769-4F71-B77E-501C2C80980D}.Ad-Hoc|iPhone.Build.0 = Ad-Hoc|iPhone
		{6A130519-0769-4F71-B77E-501C2C80980D}.Ad-Hoc|iPhoneSimulator.ActiveCfg = Ad-Hoc|iPhoneSimulator
		{6A130519-0769-4F71-B77E-501C2C80980D}.Ad-Hoc|iPhoneSimulator.Build.0 = Ad-Hoc|iPhoneSimulator
		{6A130519-0769-4F71-B77E-501C2C80980D}.Ad-Hoc|x64.ActiveCfg = Ad-Hoc|iPhone
		{6A130519-0769-4F71-B77E-501C2C80980D}.Ad-Hoc|x86.ActiveCfg = Ad-Hoc|iPhone
		{6A130519-0769-4F71-B77E-501C2C80980D}.AppStore|Any CPU.ActiveCfg = AppStore|iPhone
		{6A130519-0769-4F71-B77E-501C2C80980D}.AppStore|ARM.ActiveCfg = AppStore|iPhone
		{6A130519-0769-4F71-B77E-501C2C80980D}.AppStore|iPhone.ActiveCfg = AppStore|iPhone
		{6A130519-0769-4F71-B77E-501C2C80980D}.AppStore|iPhone.Build.0 = AppStore|iPhone
		{6A130519-0769-4F71-B77E-501C2C80980D}.AppStore|iPhoneSimulator.ActiveCfg = AppStore|iPhoneSimulator
		{6A130519-0769-4F71-B77E-501C2C80980D}.AppStore|iPhoneSimulator.Build.0 = AppStore|iPhoneSimulator
		{6A130519-0769-4F71-B77E-501C2C80980D}.AppStore|x64.ActiveCfg = AppStore|iPhone
		{6A130519-0769-4F71-B77E-501C2C80980D}.AppStore|x86.ActiveCfg = AppStore|iPhone
		{6A130519-0769-4F71-B77E-501C2C80980D}.Debug|Any CPU.ActiveCfg = Debug|iPhone
		{6A130519-0769-4F71-B77E-501C2C80980D}.Debug|ARM.ActiveCfg = Debug|iPhone
		{6A130519-0769-4F71-B77E-501C2C80980D}.Debug|iPhone.ActiveCfg = Debug|iPhone
		{6A130519-0769-4F71-B77E-501C2C80980D}.Debug|iPhone.Build.0 = Debug|iPhone
		{6A130519-0769-4F71-B77E-501C2C80980D}.Debug|iPhoneSimulator.ActiveCfg = Debug|iPhoneSimulator
		{6A130519-0769-4F71-B77E-501C2C80980D}.Debug|iPhoneSimulator.Build.0 = Debug|iPhoneSimulator
		{6A130519-0769-4F71-B77E-501C2C80980D}.Debug|x64.ActiveCfg = Debug|iPhone
		{6A130519-0769-4F71-B77E-501C2C80980D}.Debug|x86.ActiveCfg = Debug|iPhone
		{6A130519-0769-4F71-B77E-501C2C80980D}.Release|Any CPU.ActiveCfg = Release|iPhone
		{6A130519-0769-4F71-B77E-501C2C80980D}.Release|ARM.ActiveCfg = Release|iPhone
		{6A130519-0769-4F71-B77E-501C2C80980D}.Release|iPhone.ActiveCfg = Release|iPhone
		{6A130519-0769-4F71-B77E-501C2C80980D}.Release|iPhone.Build.0 = Release|iPhone
		{6A130519-0769-4F71-B77E-501C2C80980D}.Release|iPhoneSimulator.ActiveCfg = Release|iPhoneSimulator
		{6A130519-0769-4F71-B77E-501C2C80980D}.Release|iPhoneSimulator.Build.0 = Release|iPhoneSimulator
		{6A130519-0769-4F71-B77E-501C2C80980D}.Release|x64.ActiveCfg = Release|iPhone
		{6A130519-0769-4F71-B77E-501C2C80980D}.Release|x86.ActiveCfg = Release|iPhone
		{8355377C-9477-4E74-B2DA-DC495529DF9C}.Ad-Hoc|Any CPU.ActiveCfg = Debug|Any CPU
		{8355377C-9477-4E74-B2DA-DC495529DF9C}.Ad-Hoc|Any CPU.Build.0 = Debug|Any CPU
		{8355377C-9477-4E74-B2DA-DC495529DF9C}.Ad-Hoc|ARM.ActiveCfg = Debug|Any CPU
		{8355377C-9477-4E74-B2DA-DC495529DF9C}.Ad-Hoc|ARM.Build.0 = Debug|Any CPU
		{8355377C-9477-4E74-B2DA-DC495529DF9C}.Ad-Hoc|iPhone.ActiveCfg = Debug|Any CPU
		{8355377C-9477-4E74-B2DA-DC495529DF9C}.Ad-Hoc|iPhone.Build.0 = Debug|Any CPU
		{8355377C-9477-4E74-B2DA-DC495529DF9C}.Ad-Hoc|iPhoneSimulator.ActiveCfg = Debug|Any CPU
		{8355377C-9477-4E74-B2DA-DC495529DF9C}.Ad-Hoc|iPhoneSimulator.Build.0 = Debug|Any CPU
		{8355377C-9477-4E74-B2DA-DC495529DF9C}.Ad-Hoc|x64.ActiveCfg = Debug|Any CPU
		{8355377C-9477-4E74-B2DA-DC495529DF9C}.Ad-Hoc|x64.Build.0 = Debug|Any CPU
		{8355377C-9477-4E74-B2DA-DC495529DF9C}.Ad-Hoc|x86.ActiveCfg = Debug|Any CPU
		{8355377C-9477-4E74-B2DA-DC495529DF9C}.Ad-Hoc|x86.Build.0 = Debug|Any CPU
		{8355377C-9477-4E74-B2DA-DC495529DF9C}.AppStore|Any CPU.ActiveCfg = Debug|Any CPU
		{8355377C-9477-4E74-B2DA-DC495529DF9C}.AppStore|Any CPU.Build.0 = Debug|Any CPU
		{8355377C-9477-4E74-B2DA-DC495529DF9C}.AppStore|ARM.ActiveCfg = Debug|Any CPU
		{8355377C-9477-4E74-B2DA-DC495529DF9C}.AppStore|ARM.Build.0 = Debug|Any CPU
		{8355377C-9477-4E74-B2DA-DC495529DF9C}.AppStore|iPhone.ActiveCfg = Debug|Any CPU
		{8355377C-9477-4E74-B2DA-DC495529DF9C}.AppStore|iPhone.Build.0 = Debug|Any CPU
		{8355377C-9477-4E74-B2DA-DC495529DF9C}.AppStore|iPhoneSimulator.ActiveCfg = Debug|Any CPU
		{8355377C-9477-4E74-B2DA-DC495529DF9C}.AppStore|iPhoneSimulator.Build.0 = Debug|Any CPU
		{8355377C-9477-4E74-B2DA-DC495529DF9C}.AppStore|x64.ActiveCfg = Debug|Any CPU
		{8355377C-9477-4E74-B2DA-DC495529DF9C}.AppStore|x64.Build.0 = Debug|Any CPU
		{8355377C-9477-4E74-B2DA-DC495529DF9C}.AppStore|x86.ActiveCfg = Debug|Any CPU
		{8355377C-9477-4E74-B2DA-DC495529DF9C}.AppStore|x86.Build.0 = Debug|Any CPU
		{8355377C-9477-4E74-B2DA-DC495529DF9C}.Debug|Any CPU.ActiveCfg = Debug|Any CPU
		{8355377C-9477-4E74-B2DA-DC495529DF9C}.Debug|Any CPU.Build.0 = Debug|Any CPU
		{8355377C-9477-4E74-B2DA-DC495529DF9C}.Debug|ARM.ActiveCfg = Debug|Any CPU
		{8355377C-9477-4E74-B2DA-DC495529DF9C}.Debug|ARM.Build.0 = Debug|Any CPU
		{8355377C-9477-4E74-B2DA-DC495529DF9C}.Debug|iPhone.ActiveCfg = Debug|Any CPU
		{8355377C-9477-4E74-B2DA-DC495529DF9C}.Debug|iPhone.Build.0 = Debug|Any CPU
		{8355377C-9477-4E74-B2DA-DC495529DF9C}.Debug|iPhoneSimulator.ActiveCfg = Debug|Any CPU
		{8355377C-9477-4E74-B2DA-DC495529DF9C}.Debug|iPhoneSimulator.Build.0 = Debug|Any CPU
		{8355377C-9477-4E74-B2DA-DC495529DF9C}.Debug|x64.ActiveCfg = Debug|Any CPU
		{8355377C-9477-4E74-B2DA-DC495529DF9C}.Debug|x64.Build.0 = Debug|Any CPU
		{8355377C-9477-4E74-B2DA-DC495529DF9C}.Debug|x86.ActiveCfg = Debug|Any CPU
		{8355377C-9477-4E74-B2DA-DC495529DF9C}.Debug|x86.Build.0 = Debug|Any CPU
		{8355377C-9477-4E74-B2DA-DC495529DF9C}.Release|Any CPU.ActiveCfg = Release|Any CPU
		{8355377C-9477-4E74-B2DA-DC495529DF9C}.Release|Any CPU.Build.0 = Release|Any CPU
		{8355377C-9477-4E74-B2DA-DC495529DF9C}.Release|ARM.ActiveCfg = Release|Any CPU
		{8355377C-9477-4E74-B2DA-DC495529DF9C}.Release|ARM.Build.0 = Release|Any CPU
		{8355377C-9477-4E74-B2DA-DC495529DF9C}.Release|iPhone.ActiveCfg = Release|Any CPU
		{8355377C-9477-4E74-B2DA-DC495529DF9C}.Release|iPhone.Build.0 = Release|Any CPU
		{8355377C-9477-4E74-B2DA-DC495529DF9C}.Release|iPhoneSimulator.ActiveCfg = Release|Any CPU
		{8355377C-9477-4E74-B2DA-DC495529DF9C}.Release|iPhoneSimulator.Build.0 = Release|Any CPU
		{8355377C-9477-4E74-B2DA-DC495529DF9C}.Release|x64.ActiveCfg = Release|Any CPU
		{8355377C-9477-4E74-B2DA-DC495529DF9C}.Release|x64.Build.0 = Release|Any CPU
		{8355377C-9477-4E74-B2DA-DC495529DF9C}.Release|x86.ActiveCfg = Release|Any CPU
		{8355377C-9477-4E74-B2DA-DC495529DF9C}.Release|x86.Build.0 = Release|Any CPU
		{D6A8BDF0-4BE0-4C71-80DC-422DCADCBF41}.Ad-Hoc|Any CPU.ActiveCfg = Debug|Any CPU
		{D6A8BDF0-4BE0-4C71-80DC-422DCADCBF41}.Ad-Hoc|Any CPU.Build.0 = Debug|Any CPU
		{D6A8BDF0-4BE0-4C71-80DC-422DCADCBF41}.Ad-Hoc|ARM.ActiveCfg = Debug|Any CPU
		{D6A8BDF0-4BE0-4C71-80DC-422DCADCBF41}.Ad-Hoc|ARM.Build.0 = Debug|Any CPU
		{D6A8BDF0-4BE0-4C71-80DC-422DCADCBF41}.Ad-Hoc|iPhone.ActiveCfg = Debug|Any CPU
		{D6A8BDF0-4BE0-4C71-80DC-422DCADCBF41}.Ad-Hoc|iPhone.Build.0 = Debug|Any CPU
		{D6A8BDF0-4BE0-4C71-80DC-422DCADCBF41}.Ad-Hoc|iPhoneSimulator.ActiveCfg = Debug|Any CPU
		{D6A8BDF0-4BE0-4C71-80DC-422DCADCBF41}.Ad-Hoc|iPhoneSimulator.Build.0 = Debug|Any CPU
		{D6A8BDF0-4BE0-4C71-80DC-422DCADCBF41}.Ad-Hoc|x64.ActiveCfg = Debug|Any CPU
		{D6A8BDF0-4BE0-4C71-80DC-422DCADCBF41}.Ad-Hoc|x64.Build.0 = Debug|Any CPU
		{D6A8BDF0-4BE0-4C71-80DC-422DCADCBF41}.Ad-Hoc|x86.ActiveCfg = Debug|Any CPU
		{D6A8BDF0-4BE0-4C71-80DC-422DCADCBF41}.Ad-Hoc|x86.Build.0 = Debug|Any CPU
		{D6A8BDF0-4BE0-4C71-80DC-422DCADCBF41}.AppStore|Any CPU.ActiveCfg = Debug|Any CPU
		{D6A8BDF0-4BE0-4C71-80DC-422DCADCBF41}.AppStore|Any CPU.Build.0 = Debug|Any CPU
		{D6A8BDF0-4BE0-4C71-80DC-422DCADCBF41}.AppStore|ARM.ActiveCfg = Debug|Any CPU
		{D6A8BDF0-4BE0-4C71-80DC-422DCADCBF41}.AppStore|ARM.Build.0 = Debug|Any CPU
		{D6A8BDF0-4BE0-4C71-80DC-422DCADCBF41}.AppStore|iPhone.ActiveCfg = Debug|Any CPU
		{D6A8BDF0-4BE0-4C71-80DC-422DCADCBF41}.AppStore|iPhone.Build.0 = Debug|Any CPU
		{D6A8BDF0-4BE0-4C71-80DC-422DCADCBF41}.AppStore|iPhoneSimulator.ActiveCfg = Debug|Any CPU
		{D6A8BDF0-4BE0-4C71-80DC-422DCADCBF41}.AppStore|iPhoneSimulator.Build.0 = Debug|Any CPU
		{D6A8BDF0-4BE0-4C71-80DC-422DCADCBF41}.AppStore|x64.ActiveCfg = Debug|Any CPU
		{D6A8BDF0-4BE0-4C71-80DC-422DCADCBF41}.AppStore|x64.Build.0 = Debug|Any CPU
		{D6A8BDF0-4BE0-4C71-80DC-422DCADCBF41}.AppStore|x86.ActiveCfg = Debug|Any CPU
		{D6A8BDF0-4BE0-4C71-80DC-422DCADCBF41}.AppStore|x86.Build.0 = Debug|Any CPU
		{D6A8BDF0-4BE0-4C71-80DC-422DCADCBF41}.Debug|Any CPU.ActiveCfg = Debug|Any CPU
		{D6A8BDF0-4BE0-4C71-80DC-422DCADCBF41}.Debug|Any CPU.Build.0 = Debug|Any CPU
		{D6A8BDF0-4BE0-4C71-80DC-422DCADCBF41}.Debug|ARM.ActiveCfg = Debug|Any CPU
		{D6A8BDF0-4BE0-4C71-80DC-422DCADCBF41}.Debug|ARM.Build.0 = Debug|Any CPU
		{D6A8BDF0-4BE0-4C71-80DC-422DCADCBF41}.Debug|iPhone.ActiveCfg = Debug|Any CPU
		{D6A8BDF0-4BE0-4C71-80DC-422DCADCBF41}.Debug|iPhone.Build.0 = Debug|Any CPU
		{D6A8BDF0-4BE0-4C71-80DC-422DCADCBF41}.Debug|iPhoneSimulator.ActiveCfg = Debug|Any CPU
		{D6A8BDF0-4BE0-4C71-80DC-422DCADCBF41}.Debug|iPhoneSimulator.Build.0 = Debug|Any CPU
		{D6A8BDF0-4BE0-4C71-80DC-422DCADCBF41}.Debug|x64.ActiveCfg = Debug|Any CPU
		{D6A8BDF0-4BE0-4C71-80DC-422DCADCBF41}.Debug|x64.Build.0 = Debug|Any CPU
		{D6A8BDF0-4BE0-4C71-80DC-422DCADCBF41}.Debug|x86.ActiveCfg = Debug|Any CPU
		{D6A8BDF0-4BE0-4C71-80DC-422DCADCBF41}.Debug|x86.Build.0 = Debug|Any CPU
		{D6A8BDF0-4BE0-4C71-80DC-422DCADCBF41}.Release|Any CPU.ActiveCfg = Release|Any CPU
		{D6A8BDF0-4BE0-4C71-80DC-422DCADCBF41}.Release|Any CPU.Build.0 = Release|Any CPU
		{D6A8BDF0-4BE0-4C71-80DC-422DCADCBF41}.Release|ARM.ActiveCfg = Release|Any CPU
		{D6A8BDF0-4BE0-4C71-80DC-422DCADCBF41}.Release|ARM.Build.0 = Release|Any CPU
		{D6A8BDF0-4BE0-4C71-80DC-422DCADCBF41}.Release|iPhone.ActiveCfg = Release|Any CPU
		{D6A8BDF0-4BE0-4C71-80DC-422DCADCBF41}.Release|iPhone.Build.0 = Release|Any CPU
		{D6A8BDF0-4BE0-4C71-80DC-422DCADCBF41}.Release|iPhoneSimulator.ActiveCfg = Release|Any CPU
		{D6A8BDF0-4BE0-4C71-80DC-422DCADCBF41}.Release|iPhoneSimulator.Build.0 = Release|Any CPU
		{D6A8BDF0-4BE0-4C71-80DC-422DCADCBF41}.Release|x64.ActiveCfg = Release|Any CPU
		{D6A8BDF0-4BE0-4C71-80DC-422DCADCBF41}.Release|x64.Build.0 = Release|Any CPU
		{D6A8BDF0-4BE0-4C71-80DC-422DCADCBF41}.Release|x86.ActiveCfg = Release|Any CPU
		{D6A8BDF0-4BE0-4C71-80DC-422DCADCBF41}.Release|x86.Build.0 = Release|Any CPU
		{023A5DA3-3AE2-4B21-A5E1-5DA9352D7ACA}.Ad-Hoc|Any CPU.ActiveCfg = Debug|Any CPU
		{023A5DA3-3AE2-4B21-A5E1-5DA9352D7ACA}.Ad-Hoc|Any CPU.Build.0 = Debug|Any CPU
		{023A5DA3-3AE2-4B21-A5E1-5DA9352D7ACA}.Ad-Hoc|ARM.ActiveCfg = Debug|Any CPU
		{023A5DA3-3AE2-4B21-A5E1-5DA9352D7ACA}.Ad-Hoc|ARM.Build.0 = Debug|Any CPU
		{023A5DA3-3AE2-4B21-A5E1-5DA9352D7ACA}.Ad-Hoc|iPhone.ActiveCfg = Debug|Any CPU
		{023A5DA3-3AE2-4B21-A5E1-5DA9352D7ACA}.Ad-Hoc|iPhone.Build.0 = Debug|Any CPU
		{023A5DA3-3AE2-4B21-A5E1-5DA9352D7ACA}.Ad-Hoc|iPhoneSimulator.ActiveCfg = Debug|Any CPU
		{023A5DA3-3AE2-4B21-A5E1-5DA9352D7ACA}.Ad-Hoc|iPhoneSimulator.Build.0 = Debug|Any CPU
		{023A5DA3-3AE2-4B21-A5E1-5DA9352D7ACA}.Ad-Hoc|x64.ActiveCfg = Debug|Any CPU
		{023A5DA3-3AE2-4B21-A5E1-5DA9352D7ACA}.Ad-Hoc|x64.Build.0 = Debug|Any CPU
		{023A5DA3-3AE2-4B21-A5E1-5DA9352D7ACA}.Ad-Hoc|x86.ActiveCfg = Debug|Any CPU
		{023A5DA3-3AE2-4B21-A5E1-5DA9352D7ACA}.Ad-Hoc|x86.Build.0 = Debug|Any CPU
		{023A5DA3-3AE2-4B21-A5E1-5DA9352D7ACA}.AppStore|Any CPU.ActiveCfg = Debug|Any CPU
		{023A5DA3-3AE2-4B21-A5E1-5DA9352D7ACA}.AppStore|Any CPU.Build.0 = Debug|Any CPU
		{023A5DA3-3AE2-4B21-A5E1-5DA9352D7ACA}.AppStore|ARM.ActiveCfg = Debug|Any CPU
		{023A5DA3-3AE2-4B21-A5E1-5DA9352D7ACA}.AppStore|ARM.Build.0 = Debug|Any CPU
		{023A5DA3-3AE2-4B21-A5E1-5DA9352D7ACA}.AppStore|iPhone.ActiveCfg = Debug|Any CPU
		{023A5DA3-3AE2-4B21-A5E1-5DA9352D7ACA}.AppStore|iPhone.Build.0 = Debug|Any CPU
		{023A5DA3-3AE2-4B21-A5E1-5DA9352D7ACA}.AppStore|iPhoneSimulator.ActiveCfg = Debug|Any CPU
		{023A5DA3-3AE2-4B21-A5E1-5DA9352D7ACA}.AppStore|iPhoneSimulator.Build.0 = Debug|Any CPU
		{023A5DA3-3AE2-4B21-A5E1-5DA9352D7ACA}.AppStore|x64.ActiveCfg = Debug|Any CPU
		{023A5DA3-3AE2-4B21-A5E1-5DA9352D7ACA}.AppStore|x64.Build.0 = Debug|Any CPU
		{023A5DA3-3AE2-4B21-A5E1-5DA9352D7ACA}.AppStore|x86.ActiveCfg = Debug|Any CPU
		{023A5DA3-3AE2-4B21-A5E1-5DA9352D7ACA}.AppStore|x86.Build.0 = Debug|Any CPU
		{023A5DA3-3AE2-4B21-A5E1-5DA9352D7ACA}.Debug|Any CPU.ActiveCfg = Debug|Any CPU
		{023A5DA3-3AE2-4B21-A5E1-5DA9352D7ACA}.Debug|Any CPU.Build.0 = Debug|Any CPU
		{023A5DA3-3AE2-4B21-A5E1-5DA9352D7ACA}.Debug|ARM.ActiveCfg = Debug|Any CPU
		{023A5DA3-3AE2-4B21-A5E1-5DA9352D7ACA}.Debug|ARM.Build.0 = Debug|Any CPU
		{023A5DA3-3AE2-4B21-A5E1-5DA9352D7ACA}.Debug|iPhone.ActiveCfg = Debug|Any CPU
		{023A5DA3-3AE2-4B21-A5E1-5DA9352D7ACA}.Debug|iPhone.Build.0 = Debug|Any CPU
		{023A5DA3-3AE2-4B21-A5E1-5DA9352D7ACA}.Debug|iPhoneSimulator.ActiveCfg = Debug|Any CPU
		{023A5DA3-3AE2-4B21-A5E1-5DA9352D7ACA}.Debug|iPhoneSimulator.Build.0 = Debug|Any CPU
		{023A5DA3-3AE2-4B21-A5E1-5DA9352D7ACA}.Debug|x64.ActiveCfg = Debug|Any CPU
		{023A5DA3-3AE2-4B21-A5E1-5DA9352D7ACA}.Debug|x64.Build.0 = Debug|Any CPU
		{023A5DA3-3AE2-4B21-A5E1-5DA9352D7ACA}.Debug|x86.ActiveCfg = Debug|Any CPU
		{023A5DA3-3AE2-4B21-A5E1-5DA9352D7ACA}.Debug|x86.Build.0 = Debug|Any CPU
		{023A5DA3-3AE2-4B21-A5E1-5DA9352D7ACA}.Release|Any CPU.ActiveCfg = Release|Any CPU
		{023A5DA3-3AE2-4B21-A5E1-5DA9352D7ACA}.Release|Any CPU.Build.0 = Release|Any CPU
		{023A5DA3-3AE2-4B21-A5E1-5DA9352D7ACA}.Release|ARM.ActiveCfg = Release|Any CPU
		{023A5DA3-3AE2-4B21-A5E1-5DA9352D7ACA}.Release|ARM.Build.0 = Release|Any CPU
		{023A5DA3-3AE2-4B21-A5E1-5DA9352D7ACA}.Release|iPhone.ActiveCfg = Release|Any CPU
		{023A5DA3-3AE2-4B21-A5E1-5DA9352D7ACA}.Release|iPhone.Build.0 = Release|Any CPU
		{023A5DA3-3AE2-4B21-A5E1-5DA9352D7ACA}.Release|iPhoneSimulator.ActiveCfg = Release|Any CPU
		{023A5DA3-3AE2-4B21-A5E1-5DA9352D7ACA}.Release|iPhoneSimulator.Build.0 = Release|Any CPU
		{023A5DA3-3AE2-4B21-A5E1-5DA9352D7ACA}.Release|x64.ActiveCfg = Release|Any CPU
		{023A5DA3-3AE2-4B21-A5E1-5DA9352D7ACA}.Release|x64.Build.0 = Release|Any CPU
		{023A5DA3-3AE2-4B21-A5E1-5DA9352D7ACA}.Release|x86.ActiveCfg = Release|Any CPU
		{023A5DA3-3AE2-4B21-A5E1-5DA9352D7ACA}.Release|x86.Build.0 = Release|Any CPU
	EndGlobalSection
	GlobalSection(SolutionProperties) = preSolution
		HideSolutionNode = FALSE
	EndGlobalSection
	GlobalSection(NestedProjects) = preSolution
		{4FB5C3FE-8BBD-49E6-9002-BCBC0330E130} = {453ACF3F-B870-432A-A75B-7E245F384593}
		{7DC47DD9-877C-4651-89BB-01FA7771EFDA} = {453ACF3F-B870-432A-A75B-7E245F384593}
		{6A130519-0769-4F71-B77E-501C2C80980D} = {453ACF3F-B870-432A-A75B-7E245F384593}
		{8355377C-9477-4E74-B2DA-DC495529DF9C} = {453ACF3F-B870-432A-A75B-7E245F384593}
		{D6A8BDF0-4BE0-4C71-80DC-422DCADCBF41} = {56A205DA-59D2-4873-BABD-15C0B1F80ED1}
		{023A5DA3-3AE2-4B21-A5E1-5DA9352D7ACA} = {59BF7CD0-07CD-4D6D-BC13-71F1172FF431}
	EndGlobalSection
EndGlobal
