
Microsoft Visual Studio Solution File, Format Version 12.00
# Visual Studio 15
VisualStudioVersion = 15.0.26430.12
MinimumVisualStudioVersion = 10.0.40219.1
Project("{FAE04EC0-301F-11D3-BF4B-00C04F79EFBC}") = "PrismHansOn.Android", "PrismHansOn\PrismHansOn.Android\PrismHansOn.Android.csproj", "{3D7EDF55-1CDE-4AD7-A02B-446F969645C1}"
EndProject
Project("{FAE04EC0-301F-11D3-BF4B-00C04F79EFBC}") = "PrismHansOn", "PrismHansOn\PrismHansOn\PrismHansOn.csproj", "{7E090F82-EBD2-470B-89C4-6ACA7BCBCCDF}"
EndProject
Project("{FAE04EC0-301F-11D3-BF4B-00C04F79EFBC}") = "PrismHansOn.UWP", "PrismHansOn\PrismHansOn.UWP\PrismHansOn.UWP.csproj", "{B438F63E-D904-48BF-8D67-C0189EEC716C}"
EndProject
Project("{FAE04EC0-301F-11D3-BF4B-00C04F79EFBC}") = "PrismHansOn.iOS", "PrismHansOn\PrismHansOn.iOS\PrismHansOn.iOS.csproj", "{4677DDFD-7A13-4770-B48F-1C0F4DA2C81D}"
EndProject
Global
	GlobalSection(SolutionConfigurationPlatforms) = preSolution
		Ad-Hoc|Any CPU = Ad-Hoc|Any CPU
		Ad-Hoc|ARM = Ad-Hoc|ARM
		Ad-Hoc|iPhone = Ad-Hoc|iPhone
		Ad-Hoc|iPhoneSimulator = Ad-Hoc|iPhoneSimulator
		Ad-Hoc|x64 = Ad-Hoc|x64
		Ad-Hoc|x86 = Ad-Hoc|x86
		AppStore|Any CPU = AppStore|Any CPU
		AppStore|ARM = AppStore|ARM
		AppStore|iPhone = AppStore|iPhone
		AppStore|iPhoneSimulator = AppStore|iPhoneSimulator
		AppStore|x64 = AppStore|x64
		AppStore|x86 = AppStore|x86
		Debug|Any CPU = Debug|Any CPU
		Debug|ARM = Debug|ARM
		Debug|iPhone = Debug|iPhone
		Debug|iPhoneSimulator = Debug|iPhoneSimulator
		Debug|x64 = Debug|x64
		Debug|x86 = Debug|x86
		Release|Any CPU = Release|Any CPU
		Release|ARM = Release|ARM
		Release|iPhone = Release|iPhone
		Release|iPhoneSimulator = Release|iPhoneSimulator
		Release|x64 = Release|x64
		Release|x86 = Release|x86
	EndGlobalSection
	GlobalSection(ProjectConfigurationPlatforms) = postSolution
		{3D7EDF55-1CDE-4AD7-A02B-446F969645C1}.Ad-Hoc|Any CPU.ActiveCfg = Release|Any CPU
		{3D7EDF55-1CDE-4AD7-A02B-446F969645C1}.Ad-Hoc|Any CPU.Build.0 = Release|Any CPU
		{3D7EDF55-1CDE-4AD7-A02B-446F969645C1}.Ad-Hoc|Any CPU.Deploy.0 = Release|Any CPU
		{3D7EDF55-1CDE-4AD7-A02B-446F969645C1}.Ad-Hoc|ARM.ActiveCfg = Release|Any CPU
		{3D7EDF55-1CDE-4AD7-A02B-446F969645C1}.Ad-Hoc|ARM.Build.0 = Release|Any CPU
		{3D7EDF55-1CDE-4AD7-A02B-446F969645C1}.Ad-Hoc|ARM.Deploy.0 = Release|Any CPU
		{3D7EDF55-1CDE-4AD7-A02B-446F969645C1}.Ad-Hoc|iPhone.ActiveCfg = Release|Any CPU
		{3D7EDF55-1CDE-4AD7-A02B-446F969645C1}.Ad-Hoc|iPhone.Build.0 = Release|Any CPU
		{3D7EDF55-1CDE-4AD7-A02B-446F969645C1}.Ad-Hoc|iPhone.Deploy.0 = Release|Any CPU
		{3D7EDF55-1CDE-4AD7-A02B-446F969645C1}.Ad-Hoc|iPhoneSimulator.ActiveCfg = Release|Any CPU
		{3D7EDF55-1CDE-4AD7-A02B-446F969645C1}.Ad-Hoc|iPhoneSimulator.Build.0 = Release|Any CPU
		{3D7EDF55-1CDE-4AD7-A02B-446F969645C1}.Ad-Hoc|iPhoneSimulator.Deploy.0 = Release|Any CPU
		{3D7EDF55-1CDE-4AD7-A02B-446F969645C1}.Ad-Hoc|x64.ActiveCfg = Release|Any CPU
		{3D7EDF55-1CDE-4AD7-A02B-446F969645C1}.Ad-Hoc|x64.Build.0 = Release|Any CPU
		{3D7EDF55-1CDE-4AD7-A02B-446F969645C1}.Ad-Hoc|x64.Deploy.0 = Release|Any CPU
		{3D7EDF55-1CDE-4AD7-A02B-446F969645C1}.Ad-Hoc|x86.ActiveCfg = Release|Any CPU
		{3D7EDF55-1CDE-4AD7-A02B-446F969645C1}.Ad-Hoc|x86.Build.0 = Release|Any CPU
		{3D7EDF55-1CDE-4AD7-A02B-446F969645C1}.Ad-Hoc|x86.Deploy.0 = Release|Any CPU
		{3D7EDF55-1CDE-4AD7-A02B-446F969645C1}.AppStore|Any CPU.ActiveCfg = Release|Any CPU
		{3D7EDF55-1CDE-4AD7-A02B-446F969645C1}.AppStore|Any CPU.Build.0 = Release|Any CPU
		{3D7EDF55-1CDE-4AD7-A02B-446F969645C1}.AppStore|Any CPU.Deploy.0 = Release|Any CPU
		{3D7EDF55-1CDE-4AD7-A02B-446F969645C1}.AppStore|ARM.ActiveCfg = Release|Any CPU
		{3D7EDF55-1CDE-4AD7-A02B-446F969645C1}.AppStore|ARM.Build.0 = Release|Any CPU
		{3D7EDF55-1CDE-4AD7-A02B-446F969645C1}.AppStore|ARM.Deploy.0 = Release|Any CPU
		{3D7EDF55-1CDE-4AD7-A02B-446F969645C1}.AppStore|iPhone.ActiveCfg = Release|Any CPU
		{3D7EDF55-1CDE-4AD7-A02B-446F969645C1}.AppStore|iPhone.Build.0 = Release|Any CPU
		{3D7EDF55-1CDE-4AD7-A02B-446F969645C1}.AppStore|iPhone.Deploy.0 = Release|Any CPU
		{3D7EDF55-1CDE-4AD7-A02B-446F969645C1}.AppStore|iPhoneSimulator.ActiveCfg = Release|Any CPU
		{3D7EDF55-1CDE-4AD7-A02B-446F969645C1}.AppStore|iPhoneSimulator.Build.0 = Release|Any CPU
		{3D7EDF55-1CDE-4AD7-A02B-446F969645C1}.AppStore|iPhoneSimulator.Deploy.0 = Release|Any CPU
		{3D7EDF55-1CDE-4AD7-A02B-446F969645C1}.AppStore|x64.ActiveCfg = Release|Any CPU
		{3D7EDF55-1CDE-4AD7-A02B-446F969645C1}.AppStore|x64.Build.0 = Release|Any CPU
		{3D7EDF55-1CDE-4AD7-A02B-446F969645C1}.AppStore|x64.Deploy.0 = Release|Any CPU
		{3D7EDF55-1CDE-4AD7-A02B-446F969645C1}.AppStore|x86.ActiveCfg = Release|Any CPU
		{3D7EDF55-1CDE-4AD7-A02B-446F969645C1}.AppStore|x86.Build.0 = Release|Any CPU
		{3D7EDF55-1CDE-4AD7-A02B-446F969645C1}.AppStore|x86.Deploy.0 = Release|Any CPU
		{3D7EDF55-1CDE-4AD7-A02B-446F969645C1}.Debug|Any CPU.ActiveCfg = Debug|Any CPU
		{3D7EDF55-1CDE-4AD7-A02B-446F969645C1}.Debug|Any CPU.Build.0 = Debug|Any CPU
		{3D7EDF55-1CDE-4AD7-A02B-446F969645C1}.Debug|Any CPU.Deploy.0 = Debug|Any CPU
		{3D7EDF55-1CDE-4AD7-A02B-446F969645C1}.Debug|ARM.ActiveCfg = Debug|Any CPU
		{3D7EDF55-1CDE-4AD7-A02B-446F969645C1}.Debug|ARM.Build.0 = Debug|Any CPU
		{3D7EDF55-1CDE-4AD7-A02B-446F969645C1}.Debug|ARM.Deploy.0 = Debug|Any CPU
		{3D7EDF55-1CDE-4AD7-A02B-446F969645C1}.Debug|iPhone.ActiveCfg = Debug|Any CPU
		{3D7EDF55-1CDE-4AD7-A02B-446F969645C1}.Debug|iPhone.Build.0 = Debug|Any CPU
		{3D7EDF55-1CDE-4AD7-A02B-446F969645C1}.Debug|iPhone.Deploy.0 = Debug|Any CPU
		{3D7EDF55-1CDE-4AD7-A02B-446F969645C1}.Debug|iPhoneSimulator.ActiveCfg = Debug|Any CPU
		{3D7EDF55-1CDE-4AD7-A02B-446F969645C1}.Debug|iPhoneSimulator.Build.0 = Debug|Any CPU
		{3D7EDF55-1CDE-4AD7-A02B-446F969645C1}.Debug|iPhoneSimulator.Deploy.0 = Debug|Any CPU
		{3D7EDF55-1CDE-4AD7-A02B-446F969645C1}.Debug|x64.ActiveCfg = Debug|Any CPU
		{3D7EDF55-1CDE-4AD7-A02B-446F969645C1}.Debug|x64.Build.0 = Debug|Any CPU
		{3D7EDF55-1CDE-4AD7-A02B-446F969645C1}.Debug|x64.Deploy.0 = Debug|Any CPU
		{3D7EDF55-1CDE-4AD7-A02B-446F969645C1}.Debug|x86.ActiveCfg = Debug|Any CPU
		{3D7EDF55-1CDE-4AD7-A02B-446F969645C1}.Debug|x86.Build.0 = Debug|Any CPU
		{3D7EDF55-1CDE-4AD7-A02B-446F969645C1}.Debug|x86.Deploy.0 = Debug|Any CPU
		{3D7EDF55-1CDE-4AD7-A02B-446F969645C1}.Release|Any CPU.ActiveCfg = Release|Any CPU
		{3D7EDF55-1CDE-4AD7-A02B-446F969645C1}.Release|Any CPU.Build.0 = Release|Any CPU
		{3D7EDF55-1CDE-4AD7-A02B-446F969645C1}.Release|Any CPU.Deploy.0 = Release|Any CPU
		{3D7EDF55-1CDE-4AD7-A02B-446F969645C1}.Release|ARM.ActiveCfg = Release|Any CPU
		{3D7EDF55-1CDE-4AD7-A02B-446F969645C1}.Release|ARM.Build.0 = Release|Any CPU
		{3D7EDF55-1CDE-4AD7-A02B-446F969645C1}.Release|ARM.Deploy.0 = Release|Any CPU
		{3D7EDF55-1CDE-4AD7-A02B-446F969645C1}.Release|iPhone.ActiveCfg = Release|Any CPU
		{3D7EDF55-1CDE-4AD7-A02B-446F969645C1}.Release|iPhone.Build.0 = Release|Any CPU
		{3D7EDF55-1CDE-4AD7-A02B-446F969645C1}.Release|iPhone.Deploy.0 = Release|Any CPU
		{3D7EDF55-1CDE-4AD7-A02B-446F969645C1}.Release|iPhoneSimulator.ActiveCfg = Release|Any CPU
		{3D7EDF55-1CDE-4AD7-A02B-446F969645C1}.Release|iPhoneSimulator.Build.0 = Release|Any CPU
		{3D7EDF55-1CDE-4AD7-A02B-446F969645C1}.Release|iPhoneSimulator.Deploy.0 = Release|Any CPU
		{3D7EDF55-1CDE-4AD7-A02B-446F969645C1}.Release|x64.ActiveCfg = Release|Any CPU
		{3D7EDF55-1CDE-4AD7-A02B-446F969645C1}.Release|x64.Build.0 = Release|Any CPU
		{3D7EDF55-1CDE-4AD7-A02B-446F969645C1}.Release|x64.Deploy.0 = Release|Any CPU
		{3D7EDF55-1CDE-4AD7-A02B-446F969645C1}.Release|x86.ActiveCfg = Release|Any CPU
		{3D7EDF55-1CDE-4AD7-A02B-446F969645C1}.Release|x86.Build.0 = Release|Any CPU
		{3D7EDF55-1CDE-4AD7-A02B-446F969645C1}.Release|x86.Deploy.0 = Release|Any CPU
		{7E090F82-EBD2-470B-89C4-6ACA7BCBCCDF}.Ad-Hoc|Any CPU.ActiveCfg = Release|Any CPU
		{7E090F82-EBD2-470B-89C4-6ACA7BCBCCDF}.Ad-Hoc|Any CPU.Build.0 = Release|Any CPU
		{7E090F82-EBD2-470B-89C4-6ACA7BCBCCDF}.Ad-Hoc|ARM.ActiveCfg = Release|Any CPU
		{7E090F82-EBD2-470B-89C4-6ACA7BCBCCDF}.Ad-Hoc|ARM.Build.0 = Release|Any CPU
		{7E090F82-EBD2-470B-89C4-6ACA7BCBCCDF}.Ad-Hoc|iPhone.ActiveCfg = Release|Any CPU
		{7E090F82-EBD2-470B-89C4-6ACA7BCBCCDF}.Ad-Hoc|iPhone.Build.0 = Release|Any CPU
		{7E090F82-EBD2-470B-89C4-6ACA7BCBCCDF}.Ad-Hoc|iPhoneSimulator.ActiveCfg = Release|Any CPU
		{7E090F82-EBD2-470B-89C4-6ACA7BCBCCDF}.Ad-Hoc|iPhoneSimulator.Build.0 = Release|Any CPU
		{7E090F82-EBD2-470B-89C4-6ACA7BCBCCDF}.Ad-Hoc|x64.ActiveCfg = Release|Any CPU
		{7E090F82-EBD2-470B-89C4-6ACA7BCBCCDF}.Ad-Hoc|x64.Build.0 = Release|Any CPU
		{7E090F82-EBD2-470B-89C4-6ACA7BCBCCDF}.Ad-Hoc|x86.ActiveCfg = Release|Any CPU
		{7E090F82-EBD2-470B-89C4-6ACA7BCBCCDF}.Ad-Hoc|x86.Build.0 = Release|Any CPU
		{7E090F82-EBD2-470B-89C4-6ACA7BCBCCDF}.AppStore|Any CPU.ActiveCfg = Release|Any CPU
		{7E090F82-EBD2-470B-89C4-6ACA7BCBCCDF}.AppStore|Any CPU.Build.0 = Release|Any CPU
		{7E090F82-EBD2-470B-89C4-6ACA7BCBCCDF}.AppStore|ARM.ActiveCfg = Release|Any CPU
		{7E090F82-EBD2-470B-89C4-6ACA7BCBCCDF}.AppStore|ARM.Build.0 = Release|Any CPU
		{7E090F82-EBD2-470B-89C4-6ACA7BCBCCDF}.AppStore|iPhone.ActiveCfg = Release|Any CPU
		{7E090F82-EBD2-470B-89C4-6ACA7BCBCCDF}.AppStore|iPhone.Build.0 = Release|Any CPU
		{7E090F82-EBD2-470B-89C4-6ACA7BCBCCDF}.AppStore|iPhoneSimulator.ActiveCfg = Release|Any CPU
		{7E090F82-EBD2-470B-89C4-6ACA7BCBCCDF}.AppStore|iPhoneSimulator.Build.0 = Release|Any CPU
		{7E090F82-EBD2-470B-89C4-6ACA7BCBCCDF}.AppStore|x64.ActiveCfg = Release|Any CPU
		{7E090F82-EBD2-470B-89C4-6ACA7BCBCCDF}.AppStore|x64.Build.0 = Release|Any CPU
		{7E090F82-EBD2-470B-89C4-6ACA7BCBCCDF}.AppStore|x86.ActiveCfg = Release|Any CPU
		{7E090F82-EBD2-470B-89C4-6ACA7BCBCCDF}.AppStore|x86.Build.0 = Release|Any CPU
		{7E090F82-EBD2-470B-89C4-6ACA7BCBCCDF}.Debug|Any CPU.ActiveCfg = Debug|Any CPU
		{7E090F82-EBD2-470B-89C4-6ACA7BCBCCDF}.Debug|Any CPU.Build.0 = Debug|Any CPU
		{7E090F82-EBD2-470B-89C4-6ACA7BCBCCDF}.Debug|ARM.ActiveCfg = Debug|Any CPU
		{7E090F82-EBD2-470B-89C4-6ACA7BCBCCDF}.Debug|ARM.Build.0 = Debug|Any CPU
		{7E090F82-EBD2-470B-89C4-6ACA7BCBCCDF}.Debug|iPhone.ActiveCfg = Debug|Any CPU
		{7E090F82-EBD2-470B-89C4-6ACA7BCBCCDF}.Debug|iPhone.Build.0 = Debug|Any CPU
		{7E090F82-EBD2-470B-89C4-6ACA7BCBCCDF}.Debug|iPhoneSimulator.ActiveCfg = Debug|Any CPU
		{7E090F82-EBD2-470B-89C4-6ACA7BCBCCDF}.Debug|iPhoneSimulator.Build.0 = Debug|Any CPU
		{7E090F82-EBD2-470B-89C4-6ACA7BCBCCDF}.Debug|x64.ActiveCfg = Debug|Any CPU
		{7E090F82-EBD2-470B-89C4-6ACA7BCBCCDF}.Debug|x64.Build.0 = Debug|Any CPU
		{7E090F82-EBD2-470B-89C4-6ACA7BCBCCDF}.Debug|x86.ActiveCfg = Debug|Any CPU
		{7E090F82-EBD2-470B-89C4-6ACA7BCBCCDF}.Debug|x86.Build.0 = Debug|Any CPU
		{7E090F82-EBD2-470B-89C4-6ACA7BCBCCDF}.Release|Any CPU.ActiveCfg = Release|Any CPU
		{7E090F82-EBD2-470B-89C4-6ACA7BCBCCDF}.Release|Any CPU.Build.0 = Release|Any CPU
		{7E090F82-EBD2-470B-89C4-6ACA7BCBCCDF}.Release|ARM.ActiveCfg = Release|Any CPU
		{7E090F82-EBD2-470B-89C4-6ACA7BCBCCDF}.Release|ARM.Build.0 = Release|Any CPU
		{7E090F82-EBD2-470B-89C4-6ACA7BCBCCDF}.Release|iPhone.ActiveCfg = Release|Any CPU
		{7E090F82-EBD2-470B-89C4-6ACA7BCBCCDF}.Release|iPhone.Build.0 = Release|Any CPU
		{7E090F82-EBD2-470B-89C4-6ACA7BCBCCDF}.Release|iPhoneSimulator.ActiveCfg = Release|Any CPU
		{7E090F82-EBD2-470B-89C4-6ACA7BCBCCDF}.Release|iPhoneSimulator.Build.0 = Release|Any CPU
		{7E090F82-EBD2-470B-89C4-6ACA7BCBCCDF}.Release|x64.ActiveCfg = Release|Any CPU
		{7E090F82-EBD2-470B-89C4-6ACA7BCBCCDF}.Release|x64.Build.0 = Release|Any CPU
		{7E090F82-EBD2-470B-89C4-6ACA7BCBCCDF}.Release|x86.ActiveCfg = Release|Any CPU
		{7E090F82-EBD2-470B-89C4-6ACA7BCBCCDF}.Release|x86.Build.0 = Release|Any CPU
		{B438F63E-D904-48BF-8D67-C0189EEC716C}.Ad-Hoc|Any CPU.ActiveCfg = Release|x86
		{B438F63E-D904-48BF-8D67-C0189EEC716C}.Ad-Hoc|Any CPU.Build.0 = Release|x86
		{B438F63E-D904-48BF-8D67-C0189EEC716C}.Ad-Hoc|Any CPU.Deploy.0 = Release|x86
		{B438F63E-D904-48BF-8D67-C0189EEC716C}.Ad-Hoc|ARM.ActiveCfg = Release|ARM
		{B438F63E-D904-48BF-8D67-C0189EEC716C}.Ad-Hoc|ARM.Build.0 = Release|ARM
		{B438F63E-D904-48BF-8D67-C0189EEC716C}.Ad-Hoc|ARM.Deploy.0 = Release|ARM
		{B438F63E-D904-48BF-8D67-C0189EEC716C}.Ad-Hoc|iPhone.ActiveCfg = Release|x86
		{B438F63E-D904-48BF-8D67-C0189EEC716C}.Ad-Hoc|iPhone.Build.0 = Release|x86
		{B438F63E-D904-48BF-8D67-C0189EEC716C}.Ad-Hoc|iPhone.Deploy.0 = Release|x86
		{B438F63E-D904-48BF-8D67-C0189EEC716C}.Ad-Hoc|iPhoneSimulator.ActiveCfg = Release|x86
		{B438F63E-D904-48BF-8D67-C0189EEC716C}.Ad-Hoc|iPhoneSimulator.Build.0 = Release|x86
		{B438F63E-D904-48BF-8D67-C0189EEC716C}.Ad-Hoc|iPhoneSimulator.Deploy.0 = Release|x86
		{B438F63E-D904-48BF-8D67-C0189EEC716C}.Ad-Hoc|x64.ActiveCfg = Release|x64
		{B438F63E-D904-48BF-8D67-C0189EEC716C}.Ad-Hoc|x64.Build.0 = Release|x64
		{B438F63E-D904-48BF-8D67-C0189EEC716C}.Ad-Hoc|x64.Deploy.0 = Release|x64
		{B438F63E-D904-48BF-8D67-C0189EEC716C}.Ad-Hoc|x86.ActiveCfg = Release|x86
		{B438F63E-D904-48BF-8D67-C0189EEC716C}.Ad-Hoc|x86.Build.0 = Release|x86
		{B438F63E-D904-48BF-8D67-C0189EEC716C}.Ad-Hoc|x86.Deploy.0 = Release|x86
		{B438F63E-D904-48BF-8D67-C0189EEC716C}.AppStore|Any CPU.ActiveCfg = Release|x86
		{B438F63E-D904-48BF-8D67-C0189EEC716C}.AppStore|Any CPU.Build.0 = Release|x86
		{B438F63E-D904-48BF-8D67-C0189EEC716C}.AppStore|Any CPU.Deploy.0 = Release|x86
		{B438F63E-D904-48BF-8D67-C0189EEC716C}.AppStore|ARM.ActiveCfg = Release|ARM
		{B438F63E-D904-48BF-8D67-C0189EEC716C}.AppStore|ARM.Build.0 = Release|ARM
		{B438F63E-D904-48BF-8D67-C0189EEC716C}.AppStore|ARM.Deploy.0 = Release|ARM
		{B438F63E-D904-48BF-8D67-C0189EEC716C}.AppStore|iPhone.ActiveCfg = Release|x86
		{B438F63E-D904-48BF-8D67-C0189EEC716C}.AppStore|iPhone.Build.0 = Release|x86
		{B438F63E-D904-48BF-8D67-C0189EEC716C}.AppStore|iPhone.Deploy.0 = Release|x86
		{B438F63E-D904-48BF-8D67-C0189EEC716C}.AppStore|iPhoneSimulator.ActiveCfg = Release|x86
		{B438F63E-D904-48BF-8D67-C0189EEC716C}.AppStore|iPhoneSimulator.Build.0 = Release|x86
		{B438F63E-D904-48BF-8D67-C0189EEC716C}.AppStore|iPhoneSimulator.Deploy.0 = Release|x86
		{B438F63E-D904-48BF-8D67-C0189EEC716C}.AppStore|x64.ActiveCfg = Release|x64
		{B438F63E-D904-48BF-8D67-C0189EEC716C}.AppStore|x64.Build.0 = Release|x64
		{B438F63E-D904-48BF-8D67-C0189EEC716C}.AppStore|x64.Deploy.0 = Release|x64
		{B438F63E-D904-48BF-8D67-C0189EEC716C}.AppStore|x86.ActiveCfg = Release|x86
		{B438F63E-D904-48BF-8D67-C0189EEC716C}.AppStore|x86.Build.0 = Release|x86
		{B438F63E-D904-48BF-8D67-C0189EEC716C}.AppStore|x86.Deploy.0 = Release|x86
		{B438F63E-D904-48BF-8D67-C0189EEC716C}.Debug|Any CPU.ActiveCfg = Debug|x86
		{B438F63E-D904-48BF-8D67-C0189EEC716C}.Debug|ARM.ActiveCfg = Debug|ARM
		{B438F63E-D904-48BF-8D67-C0189EEC716C}.Debug|ARM.Build.0 = Debug|ARM
		{B438F63E-D904-48BF-8D67-C0189EEC716C}.Debug|ARM.Deploy.0 = Debug|ARM
		{B438F63E-D904-48BF-8D67-C0189EEC716C}.Debug|iPhone.ActiveCfg = Debug|x86
		{B438F63E-D904-48BF-8D67-C0189EEC716C}.Debug|iPhoneSimulator.ActiveCfg = Debug|x86
		{B438F63E-D904-48BF-8D67-C0189EEC716C}.Debug|x64.ActiveCfg = Debug|x64
		{B438F63E-D904-48BF-8D67-C0189EEC716C}.Debug|x64.Build.0 = Debug|x64
		{B438F63E-D904-48BF-8D67-C0189EEC716C}.Debug|x64.Deploy.0 = Debug|x64
		{B438F63E-D904-48BF-8D67-C0189EEC716C}.Debug|x86.ActiveCfg = Debug|x86
		{B438F63E-D904-48BF-8D67-C0189EEC716C}.Debug|x86.Build.0 = Debug|x86
		{B438F63E-D904-48BF-8D67-C0189EEC716C}.Debug|x86.Deploy.0 = Debug|x86
		{B438F63E-D904-48BF-8D67-C0189EEC716C}.Release|Any CPU.ActiveCfg = Release|x86
		{B438F63E-D904-48BF-8D67-C0189EEC716C}.Release|ARM.ActiveCfg = Release|ARM
		{B438F63E-D904-48BF-8D67-C0189EEC716C}.Release|ARM.Build.0 = Release|ARM
		{B438F63E-D904-48BF-8D67-C0189EEC716C}.Release|ARM.Deploy.0 = Release|ARM
		{B438F63E-D904-48BF-8D67-C0189EEC716C}.Release|iPhone.ActiveCfg = Release|x86
		{B438F63E-D904-48BF-8D67-C0189EEC716C}.Release|iPhoneSimulator.ActiveCfg = Release|x86
		{B438F63E-D904-48BF-8D67-C0189EEC716C}.Release|x64.ActiveCfg = Release|x64
		{B438F63E-D904-48BF-8D67-C0189EEC716C}.Release|x64.Build.0 = Release|x64
		{B438F63E-D904-48BF-8D67-C0189EEC716C}.Release|x64.Deploy.0 = Release|x64
		{B438F63E-D904-48BF-8D67-C0189EEC716C}.Release|x86.ActiveCfg = Release|x86
		{B438F63E-D904-48BF-8D67-C0189EEC716C}.Release|x86.Build.0 = Release|x86
		{B438F63E-D904-48BF-8D67-C0189EEC716C}.Release|x86.Deploy.0 = Release|x86
		{4677DDFD-7A13-4770-B48F-1C0F4DA2C81D}.Ad-Hoc|Any CPU.ActiveCfg = Ad-Hoc|iPhone
		{4677DDFD-7A13-4770-B48F-1C0F4DA2C81D}.Ad-Hoc|ARM.ActiveCfg = Ad-Hoc|iPhone
		{4677DDFD-7A13-4770-B48F-1C0F4DA2C81D}.Ad-Hoc|iPhone.ActiveCfg = Ad-Hoc|iPhone
		{4677DDFD-7A13-4770-B48F-1C0F4DA2C81D}.Ad-Hoc|iPhone.Build.0 = Ad-Hoc|iPhone
		{4677DDFD-7A13-4770-B48F-1C0F4DA2C81D}.Ad-Hoc|iPhoneSimulator.ActiveCfg = Ad-Hoc|iPhoneSimulator
		{4677DDFD-7A13-4770-B48F-1C0F4DA2C81D}.Ad-Hoc|iPhoneSimulator.Build.0 = Ad-Hoc|iPhoneSimulator
		{4677DDFD-7A13-4770-B48F-1C0F4DA2C81D}.Ad-Hoc|x64.ActiveCfg = Ad-Hoc|iPhone
		{4677DDFD-7A13-4770-B48F-1C0F4DA2C81D}.Ad-Hoc|x86.ActiveCfg = Ad-Hoc|iPhone
		{4677DDFD-7A13-4770-B48F-1C0F4DA2C81D}.AppStore|Any CPU.ActiveCfg = AppStore|iPhone
		{4677DDFD-7A13-4770-B48F-1C0F4DA2C81D}.AppStore|ARM.ActiveCfg = AppStore|iPhone
		{4677DDFD-7A13-4770-B48F-1C0F4DA2C81D}.AppStore|iPhone.ActiveCfg = AppStore|iPhone
		{4677DDFD-7A13-4770-B48F-1C0F4DA2C81D}.AppStore|iPhone.Build.0 = AppStore|iPhone
		{4677DDFD-7A13-4770-B48F-1C0F4DA2C81D}.AppStore|iPhoneSimulator.ActiveCfg = AppStore|iPhoneSimulator
		{4677DDFD-7A13-4770-B48F-1C0F4DA2C81D}.AppStore|iPhoneSimulator.Build.0 = AppStore|iPhoneSimulator
		{4677DDFD-7A13-4770-B48F-1C0F4DA2C81D}.AppStore|x64.ActiveCfg = AppStore|iPhone
		{4677DDFD-7A13-4770-B48F-1C0F4DA2C81D}.AppStore|x86.ActiveCfg = AppStore|iPhone
		{4677DDFD-7A13-4770-B48F-1C0F4DA2C81D}.Debug|Any CPU.ActiveCfg = Debug|iPhone
		{4677DDFD-7A13-4770-B48F-1C0F4DA2C81D}.Debug|ARM.ActiveCfg = Debug|iPhone
		{4677DDFD-7A13-4770-B48F-1C0F4DA2C81D}.Debug|iPhone.ActiveCfg = Debug|iPhone
		{4677DDFD-7A13-4770-B48F-1C0F4DA2C81D}.Debug|iPhone.Build.0 = Debug|iPhone
		{4677DDFD-7A13-4770-B48F-1C0F4DA2C81D}.Debug|iPhoneSimulator.ActiveCfg = Debug|iPhoneSimulator
		{4677DDFD-7A13-4770-B48F-1C0F4DA2C81D}.Debug|iPhoneSimulator.Build.0 = Debug|iPhoneSimulator
		{4677DDFD-7A13-4770-B48F-1C0F4DA2C81D}.Debug|x64.ActiveCfg = Debug|iPhone
		{4677DDFD-7A13-4770-B48F-1C0F4DA2C81D}.Debug|x86.ActiveCfg = Debug|iPhone
		{4677DDFD-7A13-4770-B48F-1C0F4DA2C81D}.Release|Any CPU.ActiveCfg = Release|iPhone
		{4677DDFD-7A13-4770-B48F-1C0F4DA2C81D}.Release|ARM.ActiveCfg = Release|iPhone
		{4677DDFD-7A13-4770-B48F-1C0F4DA2C81D}.Release|iPhone.ActiveCfg = Release|iPhone
		{4677DDFD-7A13-4770-B48F-1C0F4DA2C81D}.Release|iPhone.Build.0 = Release|iPhone
		{4677DDFD-7A13-4770-B48F-1C0F4DA2C81D}.Release|iPhoneSimulator.ActiveCfg = Release|iPhoneSimulator
		{4677DDFD-7A13-4770-B48F-1C0F4DA2C81D}.Release|iPhoneSimulator.Build.0 = Release|iPhoneSimulator
		{4677DDFD-7A13-4770-B48F-1C0F4DA2C81D}.Release|x64.ActiveCfg = Release|iPhone
		{4677DDFD-7A13-4770-B48F-1C0F4DA2C81D}.Release|x86.ActiveCfg = Release|iPhone
	EndGlobalSection
	GlobalSection(SolutionProperties) = preSolution
		HideSolutionNode = FALSE
	EndGlobalSection
EndGlobal
